
Microsoft Visual Studio Solution File, Format Version 12.00
# Visual Studio Version 16
VisualStudioVersion = 16.0.29021.104
MinimumVisualStudioVersion = 10.0.40219.1
Project("{9092AA53-FB77-4645-B42D-1CCCA6BD08BD}") = "CppQA", "CppQA.njsproj", "{DF6B0C85-CC3E-4CA3-91C8-839D83159814}"
EndProject
Project("{8BC9CEB8-8B4A-11D0-8D11-00A0C91BC942}") = "CppAddons", "..\CppAddons\CppAddons.vcxproj", "{69CB8754-CFFC-4522-AE2C-BADFDCAE874F}"
EndProject
Global
	GlobalSection(SolutionConfigurationPlatforms) = preSolution
		Debug|Any CPU = Debug|Any CPU
		Debug|x64 = Debug|x64
		Debug|x86 = Debug|x86
		Release|Any CPU = Release|Any CPU
		Release|x64 = Release|x64
		Release|x86 = Release|x86
	EndGlobalSection
	GlobalSection(ProjectConfigurationPlatforms) = postSolution
		{DF6B0C85-CC3E-4CA3-91C8-839D83159814}.Debug|Any CPU.ActiveCfg = Debug|Any CPU
		{DF6B0C85-CC3E-4CA3-91C8-839D83159814}.Debug|Any CPU.Build.0 = Debug|Any CPU
		{DF6B0C85-CC3E-4CA3-91C8-839D83159814}.Debug|x64.ActiveCfg = Debug|Any CPU
		{DF6B0C85-CC3E-4CA3-91C8-839D83159814}.Debug|x64.Build.0 = Debug|Any CPU
		{DF6B0C85-CC3E-4CA3-91C8-839D83159814}.Debug|x86.ActiveCfg = Debug|Any CPU
		{DF6B0C85-CC3E-4CA3-91C8-839D83159814}.Debug|x86.Build.0 = Debug|Any CPU
		{DF6B0C85-CC3E-4CA3-91C8-839D83159814}.Release|Any CPU.ActiveCfg = Release|Any CPU
		{DF6B0C85-CC3E-4CA3-91C8-839D83159814}.Release|Any CPU.Build.0 = Release|Any CPU
		{DF6B0C85-CC3E-4CA3-91C8-839D83159814}.Release|x64.ActiveCfg = Release|Any CPU
		{DF6B0C85-CC3E-4CA3-91C8-839D83159814}.Release|x64.Build.0 = Release|Any CPU
		{DF6B0C85-CC3E-4CA3-91C8-839D83159814}.Release|x86.ActiveCfg = Release|Any CPU
		{DF6B0C85-CC3E-4CA3-91C8-839D83159814}.Release|x86.Build.0 = Release|Any CPU
		{69CB8754-CFFC-4522-AE2C-BADFDCAE874F}.Debug|Any CPU.ActiveCfg = Debug|Win32
		{69CB8754-CFFC-4522-AE2C-BADFDCAE874F}.Debug|x64.ActiveCfg = Debug|x64
		{69CB8754-CFFC-4522-AE2C-BADFDCAE874F}.Debug|x64.Build.0 = Debug|x64
		{69CB8754-CFFC-4522-AE2C-BADFDCAE874F}.Debug|x86.ActiveCfg = Debug|Win32
		{69CB8754-CFFC-4522-AE2C-BADFDCAE874F}.Debug|x86.Build.0 = Debug|Win32
		{69CB8754-CFFC-4522-AE2C-BADFDCAE874F}.Release|Any CPU.ActiveCfg = Release|Win32
		{69CB8754-CFFC-4522-AE2C-BADFDCAE874F}.Release|x64.ActiveCfg = Release|x64
		{69CB8754-CFFC-4522-AE2C-BADFDCAE874F}.Release|x64.Build.0 = Release|x64
		{69CB8754-CFFC-4522-AE2C-BADFDCAE874F}.Release|x86.ActiveCfg = Release|Win32
		{69CB8754-CFFC-4522-AE2C-BADFDCAE874F}.Release|x86.Build.0 = Release|Win32
	EndGlobalSection
	GlobalSection(SolutionProperties) = preSolution
		HideSolutionNode = FALSE
	EndGlobalSection
	GlobalSection(ExtensibilityGlobals) = postSolution
		SolutionGuid = {ECE453F8-48B3-4D51-8EEB-7715ABABB2B5}
	EndGlobalSection
EndGlobal
